// !$*UTF8*$!
{
	archiveVersion = 1;
	classes = {
	};
	objectVersion = 50;
	objects = {

/* Begin PBXBuildFile section */
		AAFA542121E4C56200854A9E /* AppDelegate.swift in Sources */ = {isa = PBXBuildFile; fileRef = AAFA542021E4C56200854A9E /* AppDelegate.swift */; };
		AAFA542321E4C56200854A9E /* ViewController.swift in Sources */ = {isa = PBXBuildFile; fileRef = AAFA542221E4C56200854A9E /* ViewController.swift */; };
		AAFA542621E4C56200854A9E /* Main.storyboard in Resources */ = {isa = PBXBuildFile; fileRef = AAFA542421E4C56200854A9E /* Main.storyboard */; };
		AAFA542821E4C56700854A9E /* Assets.xcassets in Resources */ = {isa = PBXBuildFile; fileRef = AAFA542721E4C56700854A9E /* Assets.xcassets */; };
		AAFA542B21E4C56700854A9E /* LaunchScreen.storyboard in Resources */ = {isa = PBXBuildFile; fileRef = AAFA542921E4C56700854A9E /* LaunchScreen.storyboard */; };
		AAFA543321E4C58400854A9E /* question.swift in Sources */ = {isa = PBXBuildFile; fileRef = AAFA543221E4C58400854A9E /* question.swift */; };
/* End PBXBuildFile section */

/* Begin PBXFileReference section */
		AAFA541D21E4C56200854A9E /* question.app */ = {isa = PBXFileReference; explicitFileType = wrapper.application; includeInIndex = 0; path = question.app; sourceTree = BUILT_PRODUCTS_DIR; };
		AAFA542021E4C56200854A9E /* AppDelegate.swift */ = {isa = PBXFileReference; lastKnownFileType = sourcecode.swift; path = AppDelegate.swift; sourceTree = "<group>"; };
		AAFA542221E4C56200854A9E /* ViewController.swift */ = {isa = PBXFileReference; lastKnownFileType = sourcecode.swift; path = ViewController.swift; sourceTree = "<group>"; };
		AAFA542521E4C56200854A9E /* Base */ = {isa = PBXFileReference; lastKnownFileType = file.storyboard; name = Base; path = Base.lproj/Main.storyboard; sourceTree = "<group>"; };
		AAFA542721E4C56700854A9E /* Assets.xcassets */ = {isa = PBXFileReference; lastKnownFileType = folder.assetcatalog; path = Assets.xcassets; sourceTree = "<group>"; };
		AAFA542A21E4C56700854A9E /* Base */ = {isa = PBXFileReference; lastKnownFileType = file.storyboard; name = Base; path = Base.lproj/LaunchScreen.storyboard; sourceTree = "<group>"; };
		AAFA542C21E4C56700854A9E /* Info.plist */ = {isa = PBXFileReference; lastKnownFileType = text.plist.xml; path = Info.plist; sourceTree = "<group>"; };
		AAFA543221E4C58400854A9E /* question.swift */ = {isa = PBXFileReference; lastKnownFileType = sourcecode.swift; path = question.swift; sourceTree = "<group>"; };
/* End PBXFileReference section */

/* Begin PBXFrameworksBuildPhase section */
		AAFA541A21E4C56200854A9E /* Frameworks */ = {
			isa = PBXFrameworksBuildPhase;
			buildActionMask = 2147483647;
			files = (
			);
			runOnlyForDeploymentPostprocessing = 0;
		};
/* End PBXFrameworksBuildPhase section */

/* Begin PBXGroup section */
		AAFA541421E4C56200854A9E = {
			isa = PBXGroup;
			children = (
				AAFA541F21E4C56200854A9E /* question */,
				AAFA541E21E4C56200854A9E /* Products */,
			);
			sourceTree = "<group>";
		};
		AAFA541E21E4C56200854A9E /* Products */ = {
			isa = PBXGroup;
			children = (
				AAFA541D21E4C56200854A9E /* question.app */,
			);
			name = Products;
			sourceTree = "<group>";
		};
		AAFA541F21E4C56200854A9E /* question */ = {
			isa = PBXGroup;
			children = (
				AAFA542021E4C56200854A9E /* AppDelegate.swift */,
				AAFA542221E4C56200854A9E /* ViewController.swift */,
				AAFA543221E4C58400854A9E /* question.swift */,
				AAFA542421E4C56200854A9E /* Main.storyboard */,
				AAFA542721E4C56700854A9E /* Assets.xcassets */,
				AAFA542921E4C56700854A9E /* LaunchScreen.storyboard */,
				AAFA542C21E4C56700854A9E /* Info.plist */,
			);
			path = question;
			sourceTree = "<group>";
		};
/* End PBXGroup section */

/* Begin PBXNativeTarget section */
		AAFA541C21E4C56200854A9E /* question */ = {
			isa = PBXNativeTarget;
			buildConfigurationList = AAFA542F21E4C56700854A9E /* Build configuration list for PBXNativeTarget "question" */;
			buildPhases = (
				AAFA541921E4C56200854A9E /* Sources */,
				AAFA541A21E4C56200854A9E /* Frameworks */,
				AAFA541B21E4C56200854A9E /* Resources */,
			);
			buildRules = (
			);
			dependencies = (
			);
			name = question;
			productName = question;
			productReference = AAFA541D21E4C56200854A9E /* question.app */;
			productType = "com.apple.product-type.application";
		};
/* End PBXNativeTarget section */

/* Begin PBXProject section */
		AAFA541521E4C56200854A9E /* Project object */ = {
			isa = PBXProject;
			attributes = {
				LastSwiftUpdateCheck = 1010;
				LastUpgradeCheck = 1010;
				ORGANIZATIONNAME = "Yolanda H.";
				TargetAttributes = {
					AAFA541C21E4C56200854A9E = {
						CreatedOnToolsVersion = 10.1;
					};
				};
			};
			buildConfigurationList = AAFA541821E4C56200854A9E /* Build configuration list for PBXProject "question" */;
			compatibilityVersion = "Xcode 9.3";
			developmentRegion = en;
			hasScannedForEncodings = 0;
			knownRegions = (
				en,
				Base,
			);
			mainGroup = AAFA541421E4C56200854A9E;
			productRefGroup = AAFA541E21E4C56200854A9E /* Products */;
			projectDirPath = "";
			projectRoot = "";
			targets = (
				AAFA541C21E4C56200854A9E /* question */,
			);
		};
/* End PBXProject section */

/* Begin PBXResourcesBuildPhase section */
		AAFA541B21E4C56200854A9E /* Resources */ = {
			isa = PBXResourcesBuildPhase;
			buildActionMask = 2147483647;
			files = (
				AAFA542B21E4C56700854A9E /* LaunchScreen.storyboard in Resources */,
				AAFA542821E4C56700854A9E /* Assets.xcassets in Resources */,
				AAFA542621E4C56200854A9E /* Main.storyboard in Resources */,
			);
			runOnlyForDeploymentPostprocessing = 0;
		};
/* End PBXResourcesBuildPhase section */

/* Begin PBXSourcesBuildPhase section */
		AAFA541921E4C56200854A9E /* Sources */ = {
			isa = PBXSourcesBuildPhase;
			buildActionMask = 2147483647;
			files = (
				AAFA542321E4C56200854A9E /* ViewController.swift in Sources */,
				AAFA542121E4C56200854A9E /* AppDelegate.swift in Sources */,
				AAFA543321E4C58400854A9E /* question.swift in Sources */,
			);
			runOnlyForDeploymentPostprocessing = 0;
		};
/* End PBXSourcesBuildPhase section */

/* Begin PBXVariantGroup section */
		AAFA542421E4C56200854A9E /* Main.storyboard */ = {
			isa = PBXVariantGroup;
			children = (
				AAFA542521E4C56200854A9E /* Base */,
			);
			name = Main.storyboard;
			sourceTree = "<group>";
		};
		AAFA542921E4C56700854A9E /* LaunchScreen.storyboard */ = {
			isa = PBXVariantGroup;
			children = (
				AAFA542A21E4C56700854A9E /* Base */,
			);
			name = LaunchScreen.storyboard;
			sourceTree = "<group>";
		};
/* End PBXVariantGroup section */

/* Begin XCBuildConfiguration section */
		AAFA542D21E4C56700854A9E /* Debug */ = {
			isa = XCBuildConfiguration;
			buildSettings = {
				ALWAYS_SEARCH_USER_PATHS = NO;
				CLANG_ANALYZER_NONNULL = YES;
				CLANG_ANALYZER_NUMBER_OBJECT_CONVERSION = YES_AGGRESSIVE;
				CLANG_CXX_LANGUAGE_STANDARD = "gnu++14";
				CLANG_CXX_LIBRARY = "libc++";
				CLANG_ENABLE_MODULES = YES;
				CLANG_ENABLE_OBJC_ARC = YES;
				CLANG_ENABLE_OBJC_WEAK = YES;
				CLANG_WARN_BLOCK_CAPTURE_AUTORELEASING = YES;
				CLANG_WARN_BOOL_CONVERSION = YES;
				CLANG_WARN_COMMA = YES;
				CLANG_WARN_CONSTANT_CONVERSION = YES;
				CLANG_WARN_DEPRECATED_OBJC_IMPLEMENTATIONS = YES;
				CLANG_WARN_DIRECT_OBJC_ISA_USAGE = YES_ERROR;
				CLANG_WARN_DOCUMENTATION_COMMENTS = YES;
				CLANG_WARN_EMPTY_BODY = YES;
				CLANG_WARN_ENUM_CONVERSION = YES;
				CLANG_WARN_INFINITE_RECURSION = YES;
				CLANG_WARN_INT_CONVERSION = YES;
				CLANG_WARN_NON_LITERAL_NULL_CONVERSION = YES;
				CLANG_WARN_OBJC_IMPLICIT_RETAIN_SELF = YES;
				CLANG_WARN_OBJC_LITERAL_CONVERSION = YES;
				CLANG_WARN_OBJC_ROOT_CLASS = YES_ERROR;
				CLANG_WARN_RANGE_LOOP_ANALYSIS = YES;
				CLANG_WARN_STRICT_PROTOTYPES = YES;
				CLANG_WARN_SUSPICIOUS_MOVE = YES;
				CLANG_WARN_UNGUARDED_AVAILABILITY = YES_AGGRESSIVE;
				CLANG_WARN_UNREACHABLE_CODE = YES;
				CLANG_WARN__DUPLICATE_METHOD_MATCH = YES;
				CODE_SIGN_IDENTITY = "iPhone Developer";
				COPY_PHASE_STRIP = NO;
				DEBUG_INFORMATION_FORMAT = dwarf;
				ENABLE_STRICT_OBJC_MSGSEND = YES;
				ENABLE_TESTABILITY = YES;
				GCC_C_LANGUAGE_STANDARD = gnu11;
				GCC_DYNAMIC_NO_PIC = NO;
				GCC_NO_COMMON_BLOCKS = YES;
				GCC_OPTIMIZATION_LEVEL = 0;
				GCC_PREPROCESSOR_DEFINITIONS = (
					"DEBUG=1",
					"$(inherited)",
				);
				GCC_WARN_64_TO_32_BIT_CONVERSION = YES;
				GCC_WARN_ABOUT_RETURN_TYPE = YES_ERROR;
				GCC_WARN_UNDECLARED_SELECTOR = YES;
				GCC_WARN_UNINITIALIZED_AUTOS = YES_AGGRESSIVE;
				GCC_WARN_UNUSED_FUNCTION = YES;
				GCC_WARN_UNUSED_VARIABLE = YES;
				IPHONEOS_DEPLOYMENT_TARGET = 12.1;
				MTL_ENABLE_DEBUG_INFO = INCLUDE_SOURCE;
				MTL_FAST_MATH = YES;
				ONLY_ACTIVE_ARCH = YES;
				SDKROOT = iphoneos;
				SWIFT_ACTIVE_COMPILATION_CONDITIONS = DEBUG;
				SWIFT_OPTIMIZATION_LEVEL = "-Onone";
			};
			name = Debug;
		};
		AAFA542E21E4C56700854A9E /* Release */ = {
			isa = XCBuildConfiguration;
			buildSettings = {
				ALWAYS_SEARCH_USER_PATHS = NO;
				CLANG_ANALYZER_NONNULL = YES;
				CLANG_ANALYZER_NUMBER_OBJECT_CONVERSION = YES_AGGRESSIVE;
				CLANG_CXX_LANGUAGE_STANDARD = "gnu++14";
				CLANG_CXX_LIBRARY = "libc++";
				CLANG_ENABLE_MODULES = YES;
				CLANG_ENABLE_OBJC_ARC = YES;
				CLANG_ENABLE_OBJC_WEAK = YES;
				CLANG_WARN_BLOCK_CAPTURE_AUTORELEASING = YES;
				CLANG_WARN_BOOL_CONVERSION = YES;
				CLANG_WARN_COMMA = YES;
				CLANG_WARN_CONSTANT_CONVERSION = YES;
				CLANG_WARN_DEPRECATED_OBJC_IMPLEMENTATIONS = YES;
				CLANG_WARN_DIRECT_OBJC_ISA_USAGE = YES_ERROR;
				CLANG_WARN_DOCUMENTATION_COMMENTS = YES;
				CLANG_WARN_EMPTY_BODY = YES;
				CLANG_WARN_ENUM_CONVERSION = YES;
				CLANG_WARN_INFINITE_RECURSION = YES;
				CLANG_WARN_INT_CONVERSION = YES;
				CLANG_WARN_NON_LITERAL_NULL_CONVERSION = YES;
				CLANG_WARN_OBJC_IMPLICIT_RETAIN_SELF = YES;
				CLANG_WARN_OBJC_LITERAL_CONVERSION = YES;
				CLANG_WARN_OBJC_ROOT_CLASS = YES_ERROR;
				CLANG_WARN_RANGE_LOOP_ANALYSIS = YES;
				CLANG_WARN_STRICT_PROTOTYPES = YES;
				CLANG_WARN_SUSPICIOUS_MOVE = YES;
				CLANG_WARN_UNGUARDED_AVAILABILITY = YES_AGGRESSIVE;
				CLANG_WARN_UNREACHABLE_CODE = YES;
				CLANG_WARN__DUPLICATE_METHOD_MATCH = YES;
				CODE_SIGN_IDENTITY = "iPhone Developer";
				COPY_PHASE_STRIP = NO;
				DEBUG_INFORMATION_FORMAT = "dwarf-with-dsym";
				ENABLE_NS_ASSERTIONS = NO;
				ENABLE_STRICT_OBJC_MSGSEND = YES;
				GCC_C_LANGUAGE_STANDARD = gnu11;
				GCC_NO_COMMON_BLOCKS = YES;
				GCC_WARN_64_TO_32_BIT_CONVERSION = YES;
				GCC_WARN_ABOUT_RETURN_TYPE = YES_ERROR;
				GCC_WARN_UNDECLARED_SELECTOR = YES;
				GCC_WARN_UNINITIALIZED_AUTOS = YES_AGGRESSIVE;
				GCC_WARN_UNUSED_FUNCTION = YES;
				GCC_WARN_UNUSED_VARIABLE = YES;
				IPHONEOS_DEPLOYMENT_TARGET = 12.1;
				MTL_ENABLE_DEBUG_INFO = NO;
				MTL_FAST_MATH = YES;
				SDKROOT = iphoneos;
				SWIFT_COMPILATION_MODE = wholemodule;
				SWIFT_OPTIMIZATION_LEVEL = "-O";
				VALIDATE_PRODUCT = YES;
			};
			name = Release;
		};
		AAFA543021E4C56700854A9E /* Debug */ = {
			isa = XCBuildConfiguration;
			buildSettings = {
				ASSETCATALOG_COMPILER_APPICON_NAME = AppIcon;
				CODE_SIGN_STYLE = Automatic;
				DEVELOPMENT_TEAM = 79GYT6HJ92;
				INFOPLIST_FILE = question/Info.plist;
				LD_RUNPATH_SEARCH_PATHS = (
					"$(inherited)",
					"@executable_path/Frameworks",
				);
				PRODUCT_BUNDLE_IDENTIFIER = com.yolanda.question;
				PRODUCT_NAME = "$(TARGET_NAME)";
				SWIFT_VERSION = 4.2;
				TARGETED_DEVICE_FAMILY = "1,2";
			};
			name = Debug;
		};
		AAFA543121E4C56700854A9E /* Release */ = {
			isa = XCBuildConfiguration;
			buildSettings = {
				ASSETCATALOG_COMPILER_APPICON_NAME = AppIcon;
				CODE_SIGN_STYLE = Automatic;
				DEVELOPMENT_TEAM = 79GYT6HJ92;
				INFOPLIST_FILE = question/Info.plist;
				LD_RUNPATH_SEARCH_PATHS = (
					"$(inherited)",
					"@executable_path/Frameworks",
				);
				PRODUCT_BUNDLE_IDENTIFIER = com.yolanda.question;
				PRODUCT_NAME = "$(TARGET_NAME)";
				SWIFT_VERSION = 4.2;
				TARGETED_DEVICE_FAMILY = "1,2";
			};
			name = Release;
		};
/* End XCBuildConfiguration section */

/* Begin XCConfigurationList section */
		AAFA541821E4C56200854A9E /* Build configuration list for PBXProject "question" */ = {
			isa = XCConfigurationList;
			buildConfigurations = (
				AAFA542D21E4C56700854A9E /* Debug */,
				AAFA542E21E4C56700854A9E /* Release */,
			);
			defaultConfigurationIsVisible = 0;
			defaultConfigurationName = Release;
		};
		AAFA542F21E4C56700854A9E /* Build configuration list for PBXNativeTarget "question" */ = {
			isa = XCConfigurationList;
			buildConfigurations = (
				AAFA543021E4C56700854A9E /* Debug */,
				AAFA543121E4C56700854A9E /* Release */,
			);
			defaultConfigurationIsVisible = 0;
			defaultConfigurationName = Release;
		};
/* End XCConfigurationList section */
	};
	rootObject = AAFA541521E4C56200854A9E /* Project object */;
}
